
Microsoft Visual Studio Solution File, Format Version 12.00
# Visual Studio Version 17
VisualStudioVersion = 17.12.35707.178
MinimumVisualStudioVersion = 10.0.40219.1
Project("{FAE04EC0-301F-11D3-BF4B-00C04F79EFBC}") = "DRSM", "DRSM\DRSM.csproj", "{B5EC07CD-0DC4-4FE3-8135-A5770CB041D6}"
EndProject
Project("{2150E333-8FDC-42A3-9474-1A3956D46DE8}") = "Solution Items", "Solution Items", "{A1DE3A6E-6A83-47D1-8004-66330032FF08}"
	ProjectSection(SolutionItems) = preProject
		docker-compose.yml = docker-compose.yml
		Dockerfile = Dockerfile
	EndProjectSection
EndProject
Global
	GlobalSection(SolutionConfigurationPlatforms) = preSolution
		Debug|Any CPU = Debug|Any CPU
		Release|Any CPU = Release|Any CPU
	EndGlobalSection
	GlobalSection(ProjectConfigurationPlatforms) = postSolution
		{B5EC07CD-0DC4-4FE3-8135-A5770CB041D6}.Debug|Any CPU.ActiveCfg = Debug|Any CPU
		{B5EC07CD-0DC4-4FE3-8135-A5770CB041D6}.Debug|Any CPU.Build.0 = Debug|Any CPU
		{B5EC07CD-0DC4-4FE3-8135-A5770CB041D6}.Release|Any CPU.ActiveCfg = Release|Any CPU
		{B5EC07CD-0DC4-4FE3-8135-A5770CB041D6}.Release|Any CPU.Build.0 = Release|Any CPU
	EndGlobalSection
	GlobalSection(SolutionProperties) = preSolution
		HideSolutionNode = FALSE
	EndGlobalSection
EndGlobal
